
Microsoft Visual Studio Solution File, Format Version 12.00
# Visual Studio 15
VisualStudioVersion = 15.0.27703.2000
MinimumVisualStudioVersion = 10.0.40219.1
Project("{9A19103F-16F7-4668-BE54-9A1E7A4F7556}") = "OverwatchLeagueAPI", "OverwatchLeagueAPI\OverwatchLeagueAPI.csproj", "{4ACFEE81-B86C-49CE-B9E9-0E4C9210F9AB}"
EndProject
Project("{FAE04EC0-301F-11D3-BF4B-00C04F79EFBC}") = "OverwatchLeagueAPI.Example", "OverwatchLeagueAPI.Example\OverwatchLeagueAPI.Example.csproj", "{D8018DAD-C49B-445F-820F-E8E7FD4E2F2D}"
EndProject
Global
	GlobalSection(SolutionConfigurationPlatforms) = preSolution
		Debug|Any CPU = Debug|Any CPU
		Release|Any CPU = Release|Any CPU
	EndGlobalSection
	GlobalSection(ProjectConfigurationPlatforms) = postSolution
		{4ACFEE81-B86C-49CE-B9E9-0E4C9210F9AB}.Debug|Any CPU.ActiveCfg = Debug|Any CPU
		{4ACFEE81-B86C-49CE-B9E9-0E4C9210F9AB}.Debug|Any CPU.Build.0 = Debug|Any CPU
		{4ACFEE81-B86C-49CE-B9E9-0E4C9210F9AB}.Release|Any CPU.ActiveCfg = Release|Any CPU
		{4ACFEE81-B86C-49CE-B9E9-0E4C9210F9AB}.Release|Any CPU.Build.0 = Release|Any CPU
		{D8018DAD-C49B-445F-820F-E8E7FD4E2F2D}.Debug|Any CPU.ActiveCfg = Debug|Any CPU
		{D8018DAD-C49B-445F-820F-E8E7FD4E2F2D}.Debug|Any CPU.Build.0 = Debug|Any CPU
		{D8018DAD-C49B-445F-820F-E8E7FD4E2F2D}.Release|Any CPU.ActiveCfg = Release|Any CPU
		{D8018DAD-C49B-445F-820F-E8E7FD4E2F2D}.Release|Any CPU.Build.0 = Release|Any CPU
	EndGlobalSection
	GlobalSection(SolutionProperties) = preSolution
		HideSolutionNode = FALSE
	EndGlobalSection
	GlobalSection(ExtensibilityGlobals) = postSolution
		SolutionGuid = {636FFD48-D186-427D-99ED-4F6A2F48CB74}
	EndGlobalSection
EndGlobal
